{
  "autoprefixer": {
    "version": "6.7.7",
    "resolved": "https://registry.npmjs.org/autoprefixer/-/autoprefixer-6.7.7.tgz",
    "integrity": "sha1-Hb0cg1ZY41zj+ZhAmdsAWFx4IBQ=",
    "dev": true
  },

  "postcss-loader": {
    "version": "1.3.3",
    "resolved": "https://registry.npmjs.org/postcss-loader/-/postcss-loader-1.3.3.tgz",
    "integrity": "sha1-piHqH6KQYqg5cqRvVEhncTAZFus=",
    "dev": true
  }
}
